Microsoft Visual Studio Solution File, Format Version 12.00
# Visual Studio Version 17
VisualStudioVersion = 17.5.2.0
MinimumVisualStudioVersion = 10.0.40219.1
Project("{FAE04EC0-301F-11D3-BF4B-00C04F79EFBC}") = "HomewWork5", "HomewWork5.csproj", "{EBB21904-C572-DB04-DF4B-B5FE6DDB82E8}"
EndProject
Global
	GlobalSection(SolutionConfigurationPlatforms) = preSolution
		Debug|Any CPU = Debug|Any CPU
		Release|Any CPU = Release|Any CPU
	EndGlobalSection
	GlobalSection(ProjectConfigurationPlatforms) = postSolution
		{EBB21904-C572-DB04-DF4B-B5FE6DDB82E8}.Debug|Any CPU.ActiveCfg = Debug|Any CPU
		{EBB21904-C572-DB04-DF4B-B5FE6DDB82E8}.Debug|Any CPU.Build.0 = Debug|Any CPU
		{EBB21904-C572-DB04-DF4B-B5FE6DDB82E8}.Release|Any CPU.ActiveCfg = Release|Any CPU
		{EBB21904-C572-DB04-DF4B-B5FE6DDB82E8}.Release|Any CPU.Build.0 = Release|Any CPU
	EndGlobalSection
	GlobalSection(SolutionProperties) = preSolution
		HideSolutionNode = FALSE
	EndGlobalSection
	GlobalSection(ExtensibilityGlobals) = postSolution
		SolutionGuid = {32E13D00-A8F1-4E49-8167-5CE30595BCF8}
	EndGlobalSection
EndGlobal
